version: 1
checksums:
  4188a166aad2705b4f09401f924502ed:
    homepage/hero/badge: 9f340fa0c74afe76ea86a8017a8aec80
    homepage/hero/title: ec92d2515327f8498507895a8edeb27e
    homepage/hero/subtitle: 1686e39c1678692e2efee6e5db16ab98
    homepage/hero/searchPlaceholder: 33733f94b7bc01e61a829442982109aa
    homepage/hero/exploreButton: a645f4480043ba950a245486f04d597b
    homepage/hero/joinButton: 991ec906c265f7b1a67018045936a100
    homepage/stats/photographers/value: 79568e8b0e99856cbc2af95599656e5d
    homepage/stats/photographers/label: 2ee44829b0475a89e4e0df3d1ed94fba
    homepage/stats/photos/value: 26a18e4e369f54c998c1723fe92b7e9a
    homepage/stats/photos/label: 817b1f003552c3649f3aeee3a3fef45a
    homepage/stats/downloads/value: 78189bfe8a687984d34cd1f08b684fbe
    homepage/stats/downloads/label: 28027f3f83d0160897d9b7ac9efb6dfa
    homepage/stats/countries/value: acf22e895aa9414f537439167536ae67
    homepage/stats/countries/label: a5c22b2a00fcace8681f5e1df49c0b34
    homepage/features/title: 0be37feafbf1c89941b4daf2d7d498c3
    homepage/features/titleHighlight: 3068add3a838b57c5d36800474881f18
    homepage/features/subtitle: f7cf3184e037a9fdf31ef76f744a93ed
    homepage/features/description: 673e3ef3df23e2c840ea728eb51181f4
    homepage/features/items/highQuality/title: 1cca5cd684fc93765c52d1991fe4bad7
    homepage/features/items/highQuality/description: 205c1f6b710d4e62fc38a5a91393d68d
    homepage/features/items/smartDiscovery/title: 703615e54a629bef0c5f2097d4573dec
    homepage/features/items/smartDiscovery/description: ebe678ab484f15515aae1779ab9a7c94
    homepage/features/items/globalCommunity/title: 5534bd7e0b6c19786aaeca81f8071407
    homepage/features/items/globalCommunity/description: e7cd3f2c677a07db9a1732a31432d8b6
    homepage/features/items/analytics/title: d816e7e7ff6953ee3bc58ec6557c2fdf
    homepage/features/items/analytics/description: 4eda39a8f5d1d7a33da1d19ba6203b88
    homepage/features/items/licensing/title: 99cce9da4edbb27ca8ba3d48dddb9808
    homepage/features/items/licensing/description: 4d38dbcb4ba70aaaea97ba84ebeaaa7a
    homepage/features/items/collections/title: eb933bd44979c1be97a453b20284a157
    homepage/features/items/collections/description: e4b598eb1c3d9098fddf5d3d62340902
    homepage/trending/title: b3013580e61cb73d6e4478df58111573
    homepage/trending/titleHighlight: 817b1f003552c3649f3aeee3a3fef45a
    homepage/trending/subtitle: faeeb97aec4104180440d20d86bde99e
    homepage/trending/viewAll: 710f026cd688b3e47fada4741bbd1f40
    homepage/categories/title: 995bb3ecf6f4b6d297487240e8a901e5
    homepage/categories/titleHighlight: 1b0340cd175aa5a2be745a0d54908466
    homepage/categories/subtitle: b78757ba5817409a87cfd90ba06771e8
    homepage/categories/items/nature: bead5d57b76a4290b2351eeb2256d75e
    homepage/categories/items/portrait: ec2291df05544dc4f7f8e94de4e19fc3
    homepage/categories/items/street: 83e0225dba13e53ca8e1854c8337214d
    homepage/categories/items/architecture: bbf26cd6440bd39766776941d52b8621
    homepage/categories/items/travel: e6cf3bb68973a168e2d27dd27ff5f1fb
    homepage/categories/items/abstract: 69776017347a9d5bede900d0591c1b63
    homepage/testimonials/title: 2fb94d863020cd444bd1c2e40d684f5f
    homepage/testimonials/titleHighlight: 2ee44829b0475a89e4e0df3d1ed94fba
    homepage/testimonials/subtitle: fb9ba548222e1d69672c5b7dab00e3af
    homepage/testimonials/items/sarah/name: 7a59d07f4b7301b4e7afe2e35227b4f3
    homepage/testimonials/items/sarah/role: 265ccaa5fb7bbee55f6d45ed2b7bb986
    homepage/testimonials/items/sarah/content: e084a2760c1c738709e4eb9816310b1a
    homepage/testimonials/items/marcus/name: f025a609dab19ee4a739bfc3fa015637
    homepage/testimonials/items/marcus/role: dbc83132eee94153d6c3ad2ed04f3895
    homepage/testimonials/items/marcus/content: a3f4e8daf7f055d0a1b30a91566a0cef
    homepage/testimonials/items/elena/name: 357875da8b9c18c1173a018303492d6e
    homepage/testimonials/items/elena/role: f00dea31f3c65e4788688882bfa3c7a3
    homepage/testimonials/items/elena/content: e27d72a76e1abaf2b18f17584cc5a015
    homepage/cta/title: 0e54b32359180d08cfa540d68a431939
    homepage/cta/titleHighlight: c7cf5660fae1503cce550d9693e82259
    homepage/cta/subtitle: 4e12bf52272af808ae66f49fa8d39782
    homepage/cta/uploadButton: b3d36e7abe2fdb0a14491c3aca1ea9b3
    homepage/cta/exploreButton: 35c25f35f104a7689e79bd4305c8edcb
    about/hero/badge: b2d4c8222c9b27114924f49846112935
    about/hero/title: 944521eeeed2511833d2299931273c71
    about/hero/brandName: 81e6d42a9ba75aaa0222da38db71288b
    about/hero/description: fe5d3cb7606507948cfb12ada516df21
    about/hero/watchStoryButton: 1c2f7dc761342d1d079a5cbe5575c70c
    about/hero/joinCommunityButton: cf0df2610a6d4e521ef26828949171cd
    about/stats/activePhotographers/value: 79568e8b0e99856cbc2af95599656e5d
    about/stats/activePhotographers/label: 3333bebd9a675abc02120495b0c73fee
    about/stats/photosShared/value: 26a18e4e369f54c998c1723fe92b7e9a
    about/stats/photosShared/label: 015241646a6b67055b0589312242ef06
    about/stats/countries/value: acf22e895aa9414f537439167536ae67
    about/stats/countries/label: a5c22b2a00fcace8681f5e1df49c0b34
    about/stats/awardsWon/value: 1dbecec81b67208b4293742482bd7efe
    about/stats/awardsWon/label: 44cd792b55de895597fa12e2ae56bce4
    about/mission/title: 0df8f8e6dc7691774159ee4c3e126d14
    about/mission/titleHighlight: faf4f8c270594e34f214c4ac109cc7ac
    about/mission/description1: bb5ab2cbbab36b18c4cff54003f3a037
    about/mission/description2: 53168908b1c5537d495cadaa7f1403f8
    about/mission/goals/democratizing: 80cf4b1041fb6f4564c797979c36176d
    about/mission/goals/supporting: 556ec4d8c432ebc727026e5d4d70249c
    about/mission/goals/building: 4258557cad941123b682118ee395fe20
    about/mission/goalCard/title: f0a3b1d3311c7f80df5e79a7e12062e8
    about/mission/goalCard/subtitle: 5357493f90bf4c7acf063b31d9c86564
    about/values/title: 0df8f8e6dc7691774159ee4c3e126d14
    about/values/titleHighlight: 3b030ca6a9b13a8383ed5d83906dc224
    about/values/subtitle: ebe44c314b4ac4a84efa50011460a01c
    about/values/items/passion/title: 80dd5aa654be172755026b9cbf1bd55c
    about/values/items/passion/description: a84db17f5163afa19be08f44d3dbbe91
    about/values/items/community/title: a9904789f10810c3b78855dd7ff248cf
    about/values/items/community/description: 153596fb2e16ee4b842154ca4b6a60ee
    about/values/items/innovation/title: d843f2bc7c629bafbb42f611d760692f
    about/values/items/innovation/description: 75d75633d43183de88cbc1c126bc1142
    about/values/items/accessibility/title: 595331c887183ef361810890ebf1a263
    about/values/items/accessibility/description: 5f47e4e47e3685a93c4750cf91533677
    about/team/title: ecd28da021f763175c7f1468ac36d483
    about/team/titleHighlight: c621ea9404a37af289def443b309bf1b
    about/team/subtitle: e417c0f0b8e9ff3c84280cc4bd771a34
    about/team/members/sarahChen/name: 7a59d07f4b7301b4e7afe2e35227b4f3
    about/team/members/sarahChen/role: 8fbbac5dcbef1e725cb7754e4d8b7653
    about/team/members/sarahChen/bio: 458ae736aee2f4fb15e386118c5938f7
    about/team/members/alexRodriguez/name: ee9f5e4387f93ff7664a76faeaea7735
    about/team/members/alexRodriguez/role: 8969cd6bb5a49670ce1e4388839c0862
    about/team/members/alexRodriguez/bio: f1f0128cc92c046cb63732bed0ea2083
    about/team/members/mayaPatel/name: bf96b1011248116a80750ad359b547e9
    about/team/members/mayaPatel/role: 5a23f1f329016f14228114027c24ef09
    about/team/members/mayaPatel/bio: 898caaebdc5f33a5d9fba620d8029fd7
    about/team/members/davidKim/name: 28b2fe9c39480ace5c60b9c2d91ff0d7
    about/team/members/davidKim/role: 36f0b787e5f83e80e250d8f23f4627e1
    about/team/members/davidKim/bio: 8ad280d293f959f76613f5f86169cbcd
    about/timeline/title: 0df8f8e6dc7691774159ee4c3e126d14
    about/timeline/titleHighlight: 477cf13b86748214e9e9bc6f455f0a24
    about/timeline/subtitle: c59bedc5faa0748c0b18a20758ecf489
    about/timeline/milestones/2019/title: 7447943ef130e2702fa75252a103f3f6
    about/timeline/milestones/2019/description: 8ae82bd41d3d5e9963f0a031678ae432
    about/timeline/milestones/2020/title: 9609936c92bebb239e548acc2d30f12f
    about/timeline/milestones/2020/description: e8b9104d04948d188e6fb4e3fe7fc3cb
    about/timeline/milestones/2021/title: df3fc976aeab1653fdc58eb885465106
    about/timeline/milestones/2021/description: 216c1c9cedab0d28010e12ba63cae41c
    about/timeline/milestones/2022/title: 87b1b5c2c481347d8698f483cf817f74
    about/timeline/milestones/2022/description: 8d310c24d65676641c007f99515f9503
    about/timeline/milestones/2023/title: c5cdf225695435e540b0261c8bfde781
    about/timeline/milestones/2023/description: 6905ceecf1c58ed0482e5389585cfac0
    about/timeline/milestones/2024/title: e1d46974a846b3f2dae1ecf8bfb9297c
    about/timeline/milestones/2024/description: b398251108d8441a253fef53ce03e932
    about/cta/title: f4129497df955fc1d44189b758a6c3f1
    about/cta/titleHighlight: c4f045ae36512eaa69107931c851e968
    about/cta/subtitle: 57b818404b0916eb64a4c139543e32d2
    about/cta/startJourneyButton: c64168d6d9beac8e511de565b049aca9
    about/cta/exploreCommunityButton: 35c25f35f104a7689e79bd4305c8edcb
